
Microsoft Visual Studio Solution File, Format Version 12.00
# Visual Studio Version 17
VisualStudioVersion = 17.0.31903.59
MinimumVisualStudioVersion = 10.0.40219.1
Project("{2150E333-8FDC-42A3-9474-1A3956D46DE8}") = "tests", "tests", "{DA40EA49-0294-4FA9-B4A2-AA00F4494F15}"
EndProject
Project("{9A19103F-16F7-4668-BE54-9A1E7A4F7556}") = "Customer.Api.Tests.Integration", "tests\Customer.Api.Tests.Integration\Customer.Api.Tests.Integration.csproj", "{26291326-064D-4830-96D9-C72C6C193DAC}"
EndProject
Project("{2150E333-8FDC-42A3-9474-1A3956D46DE8}") = "src", "src", "{A0F61A58-27C0-4A35-9B22-ECDF62171299}"
EndProject
Project("{9A19103F-16F7-4668-BE54-9A1E7A4F7556}") = "CustomerAPI", "src\CustomerAPI\CustomerAPI.csproj", "{CBE98679-F860-49BD-AC80-9DAC0CB88C05}"
EndProject
Global
	GlobalSection(SolutionConfigurationPlatforms) = preSolution
		Debug|Any CPU = Debug|Any CPU
		Release|Any CPU = Release|Any CPU
	EndGlobalSection
	GlobalSection(ProjectConfigurationPlatforms) = postSolution
		{26291326-064D-4830-96D9-C72C6C193DAC}.Debug|Any CPU.ActiveCfg = Debug|Any CPU
		{26291326-064D-4830-96D9-C72C6C193DAC}.Debug|Any CPU.Build.0 = Debug|Any CPU
		{26291326-064D-4830-96D9-C72C6C193DAC}.Release|Any CPU.ActiveCfg = Release|Any CPU
		{26291326-064D-4830-96D9-C72C6C193DAC}.Release|Any CPU.Build.0 = Release|Any CPU
		{CBE98679-F860-49BD-AC80-9DAC0CB88C05}.Debug|Any CPU.ActiveCfg = Debug|Any CPU
		{CBE98679-F860-49BD-AC80-9DAC0CB88C05}.Debug|Any CPU.Build.0 = Debug|Any CPU
		{CBE98679-F860-49BD-AC80-9DAC0CB88C05}.Release|Any CPU.ActiveCfg = Release|Any CPU
		{CBE98679-F860-49BD-AC80-9DAC0CB88C05}.Release|Any CPU.Build.0 = Release|Any CPU
	EndGlobalSection
	GlobalSection(SolutionProperties) = preSolution
		HideSolutionNode = FALSE
	EndGlobalSection
	GlobalSection(NestedProjects) = preSolution
		{26291326-064D-4830-96D9-C72C6C193DAC} = {DA40EA49-0294-4FA9-B4A2-AA00F4494F15}
		{CBE98679-F860-49BD-AC80-9DAC0CB88C05} = {A0F61A58-27C0-4A35-9B22-ECDF62171299}
	EndGlobalSection
EndGlobal
